
Microsoft Visual Studio Solution File, Format Version 12.00
# Visual Studio Version 17
VisualStudioVersion = 17.7.34009.444
MinimumVisualStudioVersion = 10.0.40219.1
Project("{FAE04EC0-301F-11D3-BF4B-00C04F79EFBC}") = "LeaveManagement.Web", "LeaveManagement.Web\LeaveManagement.Web.csproj", "{3AEF1E22-53B4-4FB9-8660-C07C9A17D0EC}"
EndProject
Global
	GlobalSection(SolutionConfigurationPlatforms) = preSolution
		Debug|Any CPU = Debug|Any CPU
		Release|Any CPU = Release|Any CPU
	EndGlobalSection
	GlobalSection(ProjectConfigurationPlatforms) = postSolution
		{3AEF1E22-53B4-4FB9-8660-C07C9A17D0EC}.Debug|Any CPU.ActiveCfg = Debug|Any CPU
		{3AEF1E22-53B4-4FB9-8660-C07C9A17D0EC}.Debug|Any CPU.Build.0 = Debug|Any CPU
		{3AEF1E22-53B4-4FB9-8660-C07C9A17D0EC}.Release|Any CPU.ActiveCfg = Release|Any CPU
		{3AEF1E22-53B4-4FB9-8660-C07C9A17D0EC}.Release|Any CPU.Build.0 = Release|Any CPU
	EndGlobalSection
	GlobalSection(SolutionProperties) = preSolution
		HideSolutionNode = FALSE
	EndGlobalSection
	GlobalSection(ExtensibilityGlobals) = postSolution
		SolutionGuid = {CE30AD27-6D91-47B8-A4D9-70AC4EB2F61E}
	EndGlobalSection
EndGlobal
